// !$*UTF8*$!
{
	archiveVersion = 1;
	classes = {
	};
	objectVersion = 50;
	objects = {

/* Begin PBXBuildFile section */
		3F38FD8922D652F50099605D /* AppDelegate.swift in Sources */ = {isa = PBXBuildFile; fileRef = 3F38FD8822D652F50099605D /* AppDelegate.swift */; };
		3F38FD8B22D652F50099605D /* ViewController.swift in Sources */ = {isa = PBXBuildFile; fileRef = 3F38FD8A22D652F50099605D /* ViewController.swift */; };
		3F38FD8E22D652F60099605D /* Main.storyboard in Resources */ = {isa = PBXBuildFile; fileRef = 3F38FD8C22D652F60099605D /* Main.storyboard */; };
		3F38FD9022D652F70099605D /* Assets.xcassets in Resources */ = {isa = PBXBuildFile; fileRef = 3F38FD8F22D652F70099605D /* Assets.xcassets */; };
		3F38FD9322D652F70099605D /* LaunchScreen.storyboard in Resources */ = {isa = PBXBuildFile; fileRef = 3F38FD9122D652F70099605D /* LaunchScreen.storyboard */; };
		3F38FD9E22D652F70099605D /* ShushTests.swift in Sources */ = {isa = PBXBuildFile; fileRef = 3F38FD9D22D652F70099605D /* ShushTests.swift */; };
		3F38FDA922D652F70099605D /* ShushUITests.swift in Sources */ = {isa = PBXBuildFile; fileRef = 3F38FDA822D652F70099605D /* ShushUITests.swift */; };
		CDA6B4067CFBE9815A5768A3 /* libPods-Shush.a in Frameworks */ = {isa = PBXBuildFile; fileRef = 85B0F136DE61FCA9C32FCF37 /* libPods-Shush.a */; };
/* End PBXBuildFile section */

/* Begin PBXContainerItemProxy section */
		3F38FD9A22D652F70099605D /* PBXContainerItemProxy */ = {
			isa = PBXContainerItemProxy;
			containerPortal = 3F38FD7D22D652F50099605D /* Project object */;
			proxyType = 1;
			remoteGlobalIDString = 3F38FD8422D652F50099605D;
			remoteInfo = Shush;
		};
		3F38FDA522D652F70099605D /* PBXContainerItemProxy */ = {
			isa = PBXContainerItemProxy;
			containerPortal = 3F38FD7D22D652F50099605D /* Project object */;
			proxyType = 1;
			remoteGlobalIDString = 3F38FD8422D652F50099605D;
			remoteInfo = Shush;
		};
/* End PBXContainerItemProxy section */

/* Begin PBXFileReference section */
		3F38FD8522D652F50099605D /* Shush.app */ = {isa = PBXFileReference; explicitFileType = wrapper.application; includeInIndex = 0; path = Shush.app; sourceTree = BUILT_PRODUCTS_DIR; };
		3F38FD8822D652F50099605D /* AppDelegate.swift */ = {isa = PBXFileReference; lastKnownFileType = sourcecode.swift; path = AppDelegate.swift; sourceTree = "<group>"; };
		3F38FD8A22D652F50099605D /* ViewController.swift */ = {isa = PBXFileReference; lastKnownFileType = sourcecode.swift; path = ViewController.swift; sourceTree = "<group>"; };
		3F38FD8D22D652F60099605D /* Base */ = {isa = PBXFileReference; lastKnownFileType = file.storyboard; name = Base; path = Base.lproj/Main.storyboard; sourceTree = "<group>"; };
		3F38FD8F22D652F70099605D /* Assets.xcassets */ = {isa = PBXFileReference; lastKnownFileType = folder.assetcatalog; path = Assets.xcassets; sourceTree = "<group>"; };
		3F38FD9222D652F70099605D /* Base */ = {isa = PBXFileReference; lastKnownFileType = file.storyboard; name = Base; path = Base.lproj/LaunchScreen.storyboard; sourceTree = "<group>"; };
		3F38FD9422D652F70099605D /* Info.plist */ = {isa = PBXFileReference; lastKnownFileType = text.plist.xml; path = Info.plist; sourceTree = "<group>"; };
		3F38FD9922D652F70099605D /* ShushTests.xctest */ = {isa = PBXFileReference; explicitFileType = wrapper.cfbundle; includeInIndex = 0; path = ShushTests.xctest; sourceTree = BUILT_PRODUCTS_DIR; };
		3F38FD9D22D652F70099605D /* ShushTests.swift */ = {isa = PBXFileReference; lastKnownFileType = sourcecode.swift; path = ShushTests.swift; sourceTree = "<group>"; };
		3F38FD9F22D652F70099605D /* Info.plist */ = {isa = PBXFileReference; lastKnownFileType = text.plist.xml; path = Info.plist; sourceTree = "<group>"; };
		3F38FDA422D652F70099605D /* ShushUITests.xctest */ = {isa = PBXFileReference; explicitFileType = wrapper.cfbundle; includeInIndex = 0; path = ShushUITests.xctest; sourceTree = BUILT_PRODUCTS_DIR; };
		3F38FDA822D652F70099605D /* ShushUITests.swift */ = {isa = PBXFileReference; lastKnownFileType = sourcecode.swift; path = ShushUITests.swift; sourceTree = "<group>"; };
		3F38FDAA22D652F70099605D /* Info.plist */ = {isa = PBXFileReference; lastKnownFileType = text.plist.xml; path = Info.plist; sourceTree = "<group>"; };
		3FF8601022D79C5900921885 /* AudioToolbox.framework */ = {isa = PBXFileReference; lastKnownFileType = wrapper.framework; name = AudioToolbox.framework; path = System/Library/Frameworks/AudioToolbox.framework; sourceTree = SDKROOT; };
		3FF8601122D79C5900921885 /* CoreAudio.framework */ = {isa = PBXFileReference; lastKnownFileType = wrapper.framework; name = CoreAudio.framework; path = System/Library/Frameworks/CoreAudio.framework; sourceTree = SDKROOT; };
		3FF8601222D79C5900921885 /* AudioUnit.framework */ = {isa = PBXFileReference; lastKnownFileType = wrapper.framework; name = AudioUnit.framework; path = System/Library/Frameworks/AudioUnit.framework; sourceTree = SDKROOT; };
		3FF8601322D79C5900921885 /* CoreAudioKit.framework */ = {isa = PBXFileReference; lastKnownFileType = wrapper.framework; name = CoreAudioKit.framework; path = System/Library/Frameworks/CoreAudioKit.framework; sourceTree = SDKROOT; };
		55B816E246A59C2790F0D93E /* Pods-Shush.release.xcconfig */ = {isa = PBXFileReference; includeInIndex = 1; lastKnownFileType = text.xcconfig; name = "Pods-Shush.release.xcconfig"; path = "Target Support Files/Pods-Shush/Pods-Shush.release.xcconfig"; sourceTree = "<group>"; };
		61A51EC2EE42F413150A7D70 /* Pods-Shush.debug.xcconfig */ = {isa = PBXFileReference; includeInIndex = 1; lastKnownFileType = text.xcconfig; name = "Pods-Shush.debug.xcconfig"; path = "Target Support Files/Pods-Shush/Pods-Shush.debug.xcconfig"; sourceTree = "<group>"; };
		85B0F136DE61FCA9C32FCF37 /* libPods-Shush.a */ = {isa = PBXFileReference; explicitFileType = archive.ar; includeInIndex = 0; path = "libPods-Shush.a"; sourceTree = BUILT_PRODUCTS_DIR; };
/* End PBXFileReference section */

/* Begin PBXFrameworksBuildPhase section */
		3F38FD8222D652F50099605D /* Frameworks */ = {
			isa = PBXFrameworksBuildPhase;
			buildActionMask = 2147483647;
			files = (
				CDA6B4067CFBE9815A5768A3 /* libPods-Shush.a in Frameworks */,
			);
			runOnlyForDeploymentPostprocessing = 0;
		};
		3F38FD9622D652F70099605D /* Frameworks */ = {
			isa = PBXFrameworksBuildPhase;
			buildActionMask = 2147483647;
			files = (
			);
			runOnlyForDeploymentPostprocessing = 0;
		};
		3F38FDA122D652F70099605D /* Frameworks */ = {
			isa = PBXFrameworksBuildPhase;
			buildActionMask = 2147483647;
			files = (
			);
			runOnlyForDeploymentPostprocessing = 0;
		};
/* End PBXFrameworksBuildPhase section */

/* Begin PBXGroup section */
		3F38FD7C22D652F50099605D = {
			isa = PBXGroup;
			children = (
				3F38FD8722D652F50099605D /* Shush */,
				3F38FD9C22D652F70099605D /* ShushTests */,
				3F38FDA722D652F70099605D /* ShushUITests */,
				3F38FD8622D652F50099605D /* Products */,
				4D802E0AC7ED19D0AD8B5DF3 /* Pods */,
				3FF8600F22D79C5900921885 /* Frameworks */,
			);
			sourceTree = "<group>";
		};
		3F38FD8622D652F50099605D /* Products */ = {
			isa = PBXGroup;
			children = (
				3F38FD8522D652F50099605D /* Shush.app */,
				3F38FD9922D652F70099605D /* ShushTests.xctest */,
				3F38FDA422D652F70099605D /* ShushUITests.xctest */,
			);
			name = Products;
			sourceTree = "<group>";
		};
		3F38FD8722D652F50099605D /* Shush */ = {
			isa = PBXGroup;
			children = (
				3F38FD8822D652F50099605D /* AppDelegate.swift */,
				3F38FD8A22D652F50099605D /* ViewController.swift */,
				3F38FD8C22D652F60099605D /* Main.storyboard */,
				3F38FD8F22D652F70099605D /* Assets.xcassets */,
				3F38FD9122D652F70099605D /* LaunchScreen.storyboard */,
				3F38FD9422D652F70099605D /* Info.plist */,
			);
			path = Shush;
			sourceTree = "<group>";
		};
		3F38FD9C22D652F70099605D /* ShushTests */ = {
			isa = PBXGroup;
			children = (
				3F38FD9D22D652F70099605D /* ShushTests.swift */,
				3F38FD9F22D652F70099605D /* Info.plist */,
			);
			path = ShushTests;
			sourceTree = "<group>";
		};
		3F38FDA722D652F70099605D /* ShushUITests */ = {
			isa = PBXGroup;
			children = (
				3F38FDA822D652F70099605D /* ShushUITests.swift */,
				3F38FDAA22D652F70099605D /* Info.plist */,
			);
			path = ShushUITests;
			sourceTree = "<group>";
		};
		3FF8600F22D79C5900921885 /* Frameworks */ = {
			isa = PBXGroup;
			children = (
				3FF8601022D79C5900921885 /* AudioToolbox.framework */,
				3FF8601222D79C5900921885 /* AudioUnit.framework */,
				3FF8601122D79C5900921885 /* CoreAudio.framework */,
				3FF8601322D79C5900921885 /* CoreAudioKit.framework */,
				85B0F136DE61FCA9C32FCF37 /* libPods-Shush.a */,
			);
			name = Frameworks;
			sourceTree = "<group>";
		};
		4D802E0AC7ED19D0AD8B5DF3 /* Pods */ = {
			isa = PBXGroup;
			children = (
				61A51EC2EE42F413150A7D70 /* Pods-Shush.debug.xcconfig */,
				55B816E246A59C2790F0D93E /* Pods-Shush.release.xcconfig */,
			);
			path = Pods;
			sourceTree = "<group>";
		};
/* End PBXGroup section */

/* Begin PBXNativeTarget section */
		3F38FD8422D652F50099605D /* Shush */ = {
			isa = PBXNativeTarget;
			buildConfigurationList = 3F38FDAD22D652F70099605D /* Build configuration list for PBXNativeTarget "Shush" */;
			buildPhases = (
				EF90256580441FA0E83A19B2 /* [CP] Check Pods Manifest.lock */,
				3F38FD8122D652F50099605D /* Sources */,
				3F38FD8222D652F50099605D /* Frameworks */,
				3F38FD8322D652F50099605D /* Resources */,
			);
			buildRules = (
			);
			dependencies = (
			);
			name = Shush;
			productName = Shush;
			productReference = 3F38FD8522D652F50099605D /* Shush.app */;
			productType = "com.apple.product-type.application";
		};
		3F38FD9822D652F70099605D /* ShushTests */ = {
			isa = PBXNativeTarget;
			buildConfigurationList = 3F38FDB022D652F70099605D /* Build configuration list for PBXNativeTarget "ShushTests" */;
			buildPhases = (
				3F38FD9522D652F70099605D /* Sources */,
				3F38FD9622D652F70099605D /* Frameworks */,
				3F38FD9722D652F70099605D /* Resources */,
			);
			buildRules = (
			);
			dependencies = (
				3F38FD9B22D652F70099605D /* PBXTargetDependency */,
			);
			name = ShushTests;
			productName = ShushTests;
			productReference = 3F38FD9922D652F70099605D /* ShushTests.xctest */;
			productType = "com.apple.product-type.bundle.unit-test";
		};
		3F38FDA322D652F70099605D /* ShushUITests */ = {
			isa = PBXNativeTarget;
			buildConfigurationList = 3F38FDB322D652F70099605D /* Build configuration list for PBXNativeTarget "ShushUITests" */;
			buildPhases = (
				3F38FDA022D652F70099605D /* Sources */,
				3F38FDA122D652F70099605D /* Frameworks */,
				3F38FDA222D652F70099605D /* Resources */,
			);
			buildRules = (
			);
			dependencies = (
				3F38FDA622D652F70099605D /* PBXTargetDependency */,
			);
			name = ShushUITests;
			productName = ShushUITests;
			productReference = 3F38FDA422D652F70099605D /* ShushUITests.xctest */;
			productType = "com.apple.product-type.bundle.ui-testing";
		};
/* End PBXNativeTarget section */

/* Begin PBXProject section */
		3F38FD7D22D652F50099605D /* Project object */ = {
			isa = PBXProject;
			attributes = {
				LastSwiftUpdateCheck = 1020;
				LastUpgradeCheck = 1020;
				ORGANIZATIONNAME = "Jeremy Lin";
				TargetAttributes = {
					3F38FD8422D652F50099605D = {
						CreatedOnToolsVersion = 10.2.1;
					};
					3F38FD9822D652F70099605D = {
						CreatedOnToolsVersion = 10.2.1;
						TestTargetID = 3F38FD8422D652F50099605D;
					};
					3F38FDA322D652F70099605D = {
						CreatedOnToolsVersion = 10.2.1;
						TestTargetID = 3F38FD8422D652F50099605D;
					};
				};
			};
			buildConfigurationList = 3F38FD8022D652F50099605D /* Build configuration list for PBXProject "Shush" */;
			compatibilityVersion = "Xcode 9.3";
			developmentRegion = en;
			hasScannedForEncodings = 0;
			knownRegions = (
				en,
				Base,
			);
			mainGroup = 3F38FD7C22D652F50099605D;
			productRefGroup = 3F38FD8622D652F50099605D /* Products */;
			projectDirPath = "";
			projectRoot = "";
			targets = (
				3F38FD8422D652F50099605D /* Shush */,
				3F38FD9822D652F70099605D /* ShushTests */,
				3F38FDA322D652F70099605D /* ShushUITests */,
			);
		};
/* End PBXProject section */

/* Begin PBXResourcesBuildPhase section */
		3F38FD8322D652F50099605D /* Resources */ = {
			isa = PBXResourcesBuildPhase;
			buildActionMask = 2147483647;
			files = (
				3F38FD9322D652F70099605D /* LaunchScreen.storyboard in Resources */,
				3F38FD9022D652F70099605D /* Assets.xcassets in Resources */,
				3F38FD8E22D652F60099605D /* Main.storyboard in Resources */,
			);
			runOnlyForDeploymentPostprocessing = 0;
		};
		3F38FD9722D652F70099605D /* Resources */ = {
			isa = PBXResourcesBuildPhase;
			buildActionMask = 2147483647;
			files = (
			);
			runOnlyForDeploymentPostprocessing = 0;
		};
		3F38FDA222D652F70099605D /* Resources */ = {
			isa = PBXResourcesBuildPhase;
			buildActionMask = 2147483647;
			files = (
			);
			runOnlyForDeploymentPostprocessing = 0;
		};
/* End PBXResourcesBuildPhase section */

/* Begin PBXShellScriptBuildPhase section */
		EF90256580441FA0E83A19B2 /* [CP] Check Pods Manifest.lock */ = {
			isa = PBXShellScriptBuildPhase;
			buildActionMask = 2147483647;
			files = (
			);
			inputFileListPaths = (
			);
			inputPaths = (
				"${PODS_PODFILE_DIR_PATH}/Podfile.lock",
				"${PODS_ROOT}/Manifest.lock",
			);
			name = "[CP] Check Pods Manifest.lock";
			outputFileListPaths = (
			);
			outputPaths = (
				"$(DERIVED_FILE_DIR)/Pods-Shush-checkManifestLockResult.txt",
			);
			runOnlyForDeploymentPostprocessing = 0;
			shellPath = /bin/sh;
			shellScript = "diff \"${PODS_PODFILE_DIR_PATH}/Podfile.lock\" \"${PODS_ROOT}/Manifest.lock\" > /dev/null\nif [ $? != 0 ] ; then\n    # print error to STDERR\n    echo \"error: The sandbox is not in sync with the Podfile.lock. Run 'pod install' or update your CocoaPods installation.\" >&2\n    exit 1\nfi\n# This output is used by Xcode 'outputs' to avoid re-running this script phase.\necho \"SUCCESS\" > \"${SCRIPT_OUTPUT_FILE_0}\"\n";
			showEnvVarsInLog = 0;
		};
/* End PBXShellScriptBuildPhase section */

/* Begin PBXSourcesBuildPhase section */
		3F38FD8122D652F50099605D /* Sources */ = {
			isa = PBXSourcesBuildPhase;
			buildActionMask = 2147483647;
			files = (
				3F38FD8B22D652F50099605D /* ViewController.swift in Sources */,
				3F38FD8922D652F50099605D /* AppDelegate.swift in Sources */,
			);
			runOnlyForDeploymentPostprocessing = 0;
		};
		3F38FD9522D652F70099605D /* Sources */ = {
			isa = PBXSourcesBuildPhase;
			buildActionMask = 2147483647;
			files = (
				3F38FD9E22D652F70099605D /* ShushTests.swift in Sources */,
			);
			runOnlyForDeploymentPostprocessing = 0;
		};
		3F38FDA022D652F70099605D /* Sources */ = {
			isa = PBXSourcesBuildPhase;
			buildActionMask = 2147483647;
			files = (
				3F38FDA922D652F70099605D /* ShushUITests.swift in Sources */,
			);
			runOnlyForDeploymentPostprocessing = 0;
		};
/* End PBXSourcesBuildPhase section */

/* Begin PBXTargetDependency section */
		3F38FD9B22D652F70099605D /* PBXTargetDependency */ = {
			isa = PBXTargetDependency;
			target = 3F38FD8422D652F50099605D /* Shush */;
			targetProxy = 3F38FD9A22D652F70099605D /* PBXContainerItemProxy */;
		};
		3F38FDA622D652F70099605D /* PBXTargetDependency */ = {
			isa = PBXTargetDependency;
			target = 3F38FD8422D652F50099605D /* Shush */;
			targetProxy = 3F38FDA522D652F70099605D /* PBXContainerItemProxy */;
		};
/* End PBXTargetDependency section */

/* Begin PBXVariantGroup section */
		3F38FD8C22D652F60099605D /* Main.storyboard */ = {
			isa = PBXVariantGroup;
			children = (
				3F38FD8D22D652F60099605D /* Base */,
			);
			name = Main.storyboard;
			sourceTree = "<group>";
		};
		3F38FD9122D652F70099605D /* LaunchScreen.storyboard */ = {
			isa = PBXVariantGroup;
			children = (
				3F38FD9222D652F70099605D /* Base */,
			);
			name = LaunchScreen.storyboard;
			sourceTree = "<group>";
		};
/* End PBXVariantGroup section */

/* Begin XCBuildConfiguration section */
		3F38FDAB22D652F70099605D /* Debug */ = {
			isa = XCBuildConfiguration;
			buildSettings = {
				ALWAYS_SEARCH_USER_PATHS = NO;
				CLANG_ANALYZER_NONNULL = YES;
				CLANG_ANALYZER_NUMBER_OBJECT_CONVERSION = YES_AGGRESSIVE;
				CLANG_CXX_LANGUAGE_STANDARD = "gnu++14";
				CLANG_CXX_LIBRARY = "libc++";
				CLANG_ENABLE_MODULES = YES;
				CLANG_ENABLE_OBJC_ARC = YES;
				CLANG_ENABLE_OBJC_WEAK = YES;
				CLANG_WARN_BLOCK_CAPTURE_AUTORELEASING = YES;
				CLANG_WARN_BOOL_CONVERSION = YES;
				CLANG_WARN_COMMA = YES;
				CLANG_WARN_CONSTANT_CONVERSION = YES;
				CLANG_WARN_DEPRECATED_OBJC_IMPLEMENTATIONS = YES;
				CLANG_WARN_DIRECT_OBJC_ISA_USAGE = YES_ERROR;
				CLANG_WARN_DOCUMENTATION_COMMENTS = YES;
				CLANG_WARN_EMPTY_BODY = YES;
				CLANG_WARN_ENUM_CONVERSION = YES;
				CLANG_WARN_INFINITE_RECURSION = YES;
				CLANG_WARN_INT_CONVERSION = YES;
				CLANG_WARN_NON_LITERAL_NULL_CONVERSION = YES;
				CLANG_WARN_OBJC_IMPLICIT_RETAIN_SELF = YES;
				CLANG_WARN_OBJC_LITERAL_CONVERSION = YES;
				CLANG_WARN_OBJC_ROOT_CLASS = YES_ERROR;
				CLANG_WARN_RANGE_LOOP_ANALYSIS = YES;
				CLANG_WARN_STRICT_PROTOTYPES = YES;
				CLANG_WARN_SUSPICIOUS_MOVE = YES;
				CLANG_WARN_UNGUARDED_AVAILABILITY = YES_AGGRESSIVE;
				CLANG_WARN_UNREACHABLE_CODE = YES;
				CLANG_WARN__DUPLICATE_METHOD_MATCH = YES;
				CODE_SIGN_IDENTITY = "iPhone Developer";
				COPY_PHASE_STRIP = NO;
				DEBUG_INFORMATION_FORMAT = dwarf;
				ENABLE_STRICT_OBJC_MSGSEND = YES;
				ENABLE_TESTABILITY = YES;
				GCC_C_LANGUAGE_STANDARD = gnu11;
				GCC_DYNAMIC_NO_PIC = NO;
				GCC_NO_COMMON_BLOCKS = YES;
				GCC_OPTIMIZATION_LEVEL = 0;
				GCC_PREPROCESSOR_DEFINITIONS = (
					"DEBUG=1",
					"$(inherited)",
				);
				GCC_WARN_64_TO_32_BIT_CONVERSION = YES;
				GCC_WARN_ABOUT_RETURN_TYPE = YES_ERROR;
				GCC_WARN_UNDECLARED_SELECTOR = YES;
				GCC_WARN_UNINITIALIZED_AUTOS = YES_AGGRESSIVE;
				GCC_WARN_UNUSED_FUNCTION = YES;
				GCC_WARN_UNUSED_VARIABLE = YES;
				IPHONEOS_DEPLOYMENT_TARGET = 12.2;
				MTL_ENABLE_DEBUG_INFO = INCLUDE_SOURCE;
				MTL_FAST_MATH = YES;
				ONLY_ACTIVE_ARCH = YES;
				SDKROOT = iphoneos;
				SWIFT_ACTIVE_COMPILATION_CONDITIONS = DEBUG;
				SWIFT_OPTIMIZATION_LEVEL = "-Onone";
			};
			name = Debug;
		};
		3F38FDAC22D652F70099605D /* Release */ = {
			isa = XCBuildConfiguration;
			buildSettings = {
				ALWAYS_SEARCH_USER_PATHS = NO;
				CLANG_ANALYZER_NONNULL = YES;
				CLANG_ANALYZER_NUMBER_OBJECT_CONVERSION = YES_AGGRESSIVE;
				CLANG_CXX_LANGUAGE_STANDARD = "gnu++14";
				CLANG_CXX_LIBRARY = "libc++";
				CLANG_ENABLE_MODULES = YES;
				CLANG_ENABLE_OBJC_ARC = YES;
				CLANG_ENABLE_OBJC_WEAK = YES;
				CLANG_WARN_BLOCK_CAPTURE_AUTORELEASING = YES;
				CLANG_WARN_BOOL_CONVERSION = YES;
				CLANG_WARN_COMMA = YES;
				CLANG_WARN_CONSTANT_CONVERSION = YES;
				CLANG_WARN_DEPRECATED_OBJC_IMPLEMENTATIONS = YES;
				CLANG_WARN_DIRECT_OBJC_ISA_USAGE = YES_ERROR;
				CLANG_WARN_DOCUMENTATION_COMMENTS = YES;
				CLANG_WARN_EMPTY_BODY = YES;
				CLANG_WARN_ENUM_CONVERSION = YES;
				CLANG_WARN_INFINITE_RECURSION = YES;
				CLANG_WARN_INT_CONVERSION = YES;
				CLANG_WARN_NON_LITERAL_NULL_CONVERSION = YES;
				CLANG_WARN_OBJC_IMPLICIT_RETAIN_SELF = YES;
				CLANG_WARN_OBJC_LITERAL_CONVERSION = YES;
				CLANG_WARN_OBJC_ROOT_CLASS = YES_ERROR;
				CLANG_WARN_RANGE_LOOP_ANALYSIS = YES;
				CLANG_WARN_STRICT_PROTOTYPES = YES;
				CLANG_WARN_SUSPICIOUS_MOVE = YES;
				CLANG_WARN_UNGUARDED_AVAILABILITY = YES_AGGRESSIVE;
				CLANG_WARN_UNREACHABLE_CODE = YES;
				CLANG_WARN__DUPLICATE_METHOD_MATCH = YES;
				CODE_SIGN_IDENTITY = "iPhone Developer";
				COPY_PHASE_STRIP = NO;
				DEBUG_INFORMATION_FORMAT = "dwarf-with-dsym";
				ENABLE_NS_ASSERTIONS = NO;
				ENABLE_STRICT_OBJC_MSGSEND = YES;
				GCC_C_LANGUAGE_STANDARD = gnu11;
				GCC_NO_COMMON_BLOCKS = YES;
				GCC_WARN_64_TO_32_BIT_CONVERSION = YES;
				GCC_WARN_ABOUT_RETURN_TYPE = YES_ERROR;
				GCC_WARN_UNDECLARED_SELECTOR = YES;
				GCC_WARN_UNINITIALIZED_AUTOS = YES_AGGRESSIVE;
				GCC_WARN_UNUSED_FUNCTION = YES;
				GCC_WARN_UNUSED_VARIABLE = YES;
				IPHONEOS_DEPLOYMENT_TARGET = 12.2;
				MTL_ENABLE_DEBUG_INFO = NO;
				MTL_FAST_MATH = YES;
				SDKROOT = iphoneos;
				SWIFT_COMPILATION_MODE = wholemodule;
				SWIFT_OPTIMIZATION_LEVEL = "-O";
				VALIDATE_PRODUCT = YES;
			};
			name = Release;
		};
		3F38FDAE22D652F70099605D /* Debug */ = {
			isa = XCBuildConfiguration;
			baseConfigurationReference = 61A51EC2EE42F413150A7D70 /* Pods-Shush.debug.xcconfig */;
			buildSettings = {
				ASSETCATALOG_COMPILER_APPICON_NAME = AppIcon;
				CODE_SIGN_STYLE = Automatic;
				DEVELOPMENT_TEAM = V3842HRTVR;
				INFOPLIST_FILE = Shush/Info.plist;
				LD_RUNPATH_SEARCH_PATHS = (
					"$(inherited)",
					"@executable_path/Frameworks",
				);
				PRODUCT_BUNDLE_IDENTIFIER = com.jeremyplin.Shush;
				PRODUCT_NAME = "$(TARGET_NAME)";
				SWIFT_VERSION = 5.0;
				TARGETED_DEVICE_FAMILY = "1,2";
			};
			name = Debug;
		};
		3F38FDAF22D652F70099605D /* Release */ = {
			isa = XCBuildConfiguration;
			baseConfigurationReference = 55B816E246A59C2790F0D93E /* Pods-Shush.release.xcconfig */;
			buildSettings = {
				ASSETCATALOG_COMPILER_APPICON_NAME = AppIcon;
				CODE_SIGN_STYLE = Automatic;
				DEVELOPMENT_TEAM = V3842HRTVR;
				INFOPLIST_FILE = Shush/Info.plist;
				LD_RUNPATH_SEARCH_PATHS = (
					"$(inherited)",
					"@executable_path/Frameworks",
				);
				PRODUCT_BUNDLE_IDENTIFIER = com.jeremyplin.Shush;
				PRODUCT_NAME = "$(TARGET_NAME)";
				SWIFT_VERSION = 5.0;
				TARGETED_DEVICE_FAMILY = "1,2";
			};
			name = Release;
		};
		3F38FDB122D652F70099605D /* Debug */ = {
			isa = XCBuildConfiguration;
			buildSettings = {
				ALWAYS_EMBED_SWIFT_STANDARD_LIBRARIES = YES;
				BUNDLE_LOADER = "$(TEST_HOST)";
				CODE_SIGN_STYLE = Automatic;
				INFOPLIST_FILE = ShushTests/Info.plist;
				LD_RUNPATH_SEARCH_PATHS = (
					"$(inherited)",
					"@executable_path/Frameworks",
					"@loader_path/Frameworks",
				);
				PRODUCT_BUNDLE_IDENTIFIER = com.jeremyplin.ShushTests;
				PRODUCT_NAME = "$(TARGET_NAME)";
				SWIFT_VERSION = 5.0;
				TARGETED_DEVICE_FAMILY = "1,2";
				TEST_HOST = "$(BUILT_PRODUCTS_DIR)/Shush.app/Shush";
			};
			name = Debug;
		};
		3F38FDB222D652F70099605D /* Release */ = {
			isa = XCBuildConfiguration;
			buildSettings = {
				ALWAYS_EMBED_SWIFT_STANDARD_LIBRARIES = YES;
				BUNDLE_LOADER = "$(TEST_HOST)";
				CODE_SIGN_STYLE = Automatic;
				INFOPLIST_FILE = ShushTests/Info.plist;
				LD_RUNPATH_SEARCH_PATHS = (
					"$(inherited)",
					"@executable_path/Frameworks",
					"@loader_path/Frameworks",
				);
				PRODUCT_BUNDLE_IDENTIFIER = com.jeremyplin.ShushTests;
				PRODUCT_NAME = "$(TARGET_NAME)";
				SWIFT_VERSION = 5.0;
				TARGETED_DEVICE_FAMILY = "1,2";
				TEST_HOST = "$(BUILT_PRODUCTS_DIR)/Shush.app/Shush";
			};
			name = Release;
		};
		3F38FDB422D652F70099605D /* Debug */ = {
			isa = XCBuildConfiguration;
			buildSettings = {
				ALWAYS_EMBED_SWIFT_STANDARD_LIBRARIES = YES;
				CODE_SIGN_STYLE = Automatic;
				INFOPLIST_FILE = ShushUITests/Info.plist;
				LD_RUNPATH_SEARCH_PATHS = (
					"$(inherited)",
					"@executable_path/Frameworks",
					"@loader_path/Frameworks",
				);
				PRODUCT_BUNDLE_IDENTIFIER = com.jeremyplin.ShushUITests;
				PRODUCT_NAME = "$(TARGET_NAME)";
				SWIFT_VERSION = 5.0;
				TARGETED_DEVICE_FAMILY = "1,2";
				TEST_TARGET_NAME = Shush;
			};
			name = Debug;
		};
		3F38FDB522D652F70099605D /* Release */ = {
			isa = XCBuildConfiguration;
			buildSettings = {
				ALWAYS_EMBED_SWIFT_STANDARD_LIBRARIES = YES;
				CODE_SIGN_STYLE = Automatic;
				INFOPLIST_FILE = ShushUITests/Info.plist;
				LD_RUNPATH_SEARCH_PATHS = (
					"$(inherited)",
					"@executable_path/Frameworks",
					"@loader_path/Frameworks",
				);
				PRODUCT_BUNDLE_IDENTIFIER = com.jeremyplin.ShushUITests;
				PRODUCT_NAME = "$(TARGET_NAME)";
				SWIFT_VERSION = 5.0;
				TARGETED_DEVICE_FAMILY = "1,2";
				TEST_TARGET_NAME = Shush;
			};
			name = Release;
		};
/* End XCBuildConfiguration section */

/* Begin XCConfigurationList section */
		3F38FD8022D652F50099605D /* Build configuration list for PBXProject "Shush" */ = {
			isa = XCConfigurationList;
			buildConfigurations = (
				3F38FDAB22D652F70099605D /* Debug */,
				3F38FDAC22D652F70099605D /* Release */,
			);
			defaultConfigurationIsVisible = 0;
			defaultConfigurationName = Release;
		};
		3F38FDAD22D652F70099605D /* Build configuration list for PBXNativeTarget "Shush" */ = {
			isa = XCConfigurationList;
			buildConfigurations = (
				3F38FDAE22D652F70099605D /* Debug */,
				3F38FDAF22D652F70099605D /* Release */,
			);
			defaultConfigurationIsVisible = 0;
			defaultConfigurationName = Release;
		};
		3F38FDB022D652F70099605D /* Build configuration list for PBXNativeTarget "ShushTests" */ = {
			isa = XCConfigurationList;
			buildConfigurations = (
				3F38FDB122D652F70099605D /* Debug */,
				3F38FDB222D652F70099605D /* Release */,
			);
			defaultConfigurationIsVisible = 0;
			defaultConfigurationName = Release;
		};
		3F38FDB322D652F70099605D /* Build configuration list for PBXNativeTarget "ShushUITests" */ = {
			isa = XCConfigurationList;
			buildConfigurations = (
				3F38FDB422D652F70099605D /* Debug */,
				3F38FDB522D652F70099605D /* Release */,
			);
			defaultConfigurationIsVisible = 0;
			defaultConfigurationName = Release;
		};
/* End XCConfigurationList section */
	};
	rootObject = 3F38FD7D22D652F50099605D /* Project object */;
}
